
Microsoft Visual Studio Solution File, Format Version 12.00
# Visual Studio Version 17
VisualStudioVersion = 17.9.34902.65
MinimumVisualStudioVersion = 10.0.40219.1
Project("{9A19103F-16F7-4668-BE54-9A1E7A4F7556}") = "EventDataAccessLayer", "EventDataAccessLayer\EventDataAccessLayer.csproj", "{30D540E4-8430-47D4-AC7B-9C30E59B96D5}"
EndProject
Project("{9A19103F-16F7-4668-BE54-9A1E7A4F7556}") = "EventServices", "EventServices\EventServices.csproj", "{E6BF4ECD-2B74-48A4-BA38-BDE86FA948DF}"
EndProject
Global
	GlobalSection(SolutionConfigurationPlatforms) = preSolution
		Debug|Any CPU = Debug|Any CPU
		Release|Any CPU = Release|Any CPU
	EndGlobalSection
	GlobalSection(ProjectConfigurationPlatforms) = postSolution
		{30D540E4-8430-47D4-AC7B-9C30E59B96D5}.Debug|Any CPU.ActiveCfg = Debug|Any CPU
		{30D540E4-8430-47D4-AC7B-9C30E59B96D5}.Debug|Any CPU.Build.0 = Debug|Any CPU
		{30D540E4-8430-47D4-AC7B-9C30E59B96D5}.Release|Any CPU.ActiveCfg = Release|Any CPU
		{30D540E4-8430-47D4-AC7B-9C30E59B96D5}.Release|Any CPU.Build.0 = Release|Any CPU
		{E6BF4ECD-2B74-48A4-BA38-BDE86FA948DF}.Debug|Any CPU.ActiveCfg = Debug|Any CPU
		{E6BF4ECD-2B74-48A4-BA38-BDE86FA948DF}.Debug|Any CPU.Build.0 = Debug|Any CPU
		{E6BF4ECD-2B74-48A4-BA38-BDE86FA948DF}.Release|Any CPU.ActiveCfg = Release|Any CPU
		{E6BF4ECD-2B74-48A4-BA38-BDE86FA948DF}.Release|Any CPU.Build.0 = Release|Any CPU
	EndGlobalSection
	GlobalSection(SolutionProperties) = preSolution
		HideSolutionNode = FALSE
	EndGlobalSection
	GlobalSection(ExtensibilityGlobals) = postSolution
		SolutionGuid = {6BC79105-BB52-48B3-9CC6-042C2A15C890}
	EndGlobalSection
EndGlobal
