
Microsoft Visual Studio Solution File, Format Version 12.00
# Visual Studio Version 16
VisualStudioVersion = 16.0.31729.503
MinimumVisualStudioVersion = 10.0.40219.1
Project("{9A19103F-16F7-4668-BE54-9A1E7A4F7556}") = "QuickKartDataAccessLayer", "QuickKartDataAccessLayer\QuickKartDataAccessLayer.csproj", "{30D540E4-8430-47D4-AC7B-9C30E59B96D5}"
EndProject
Project("{9A19103F-16F7-4668-BE54-9A1E7A4F7556}") = "QuickKartMVCApp", "QuickKartMVCApp\QuickKartMVCApp.csproj", "{BC1B9CEA-616F-489C-8B44-BAC9DF454A6A}"
EndProject
Project("{FAE04EC0-301F-11D3-BF4B-00C04F79EFBC}") = "QuickKartServices", "QuickKartServices\QuickKartServices.csproj", "{E6BF4ECD-2B74-48A4-BA38-BDE86FA948DF}"
EndProject
Global
	GlobalSection(SolutionConfigurationPlatforms) = preSolution
		Debug|Any CPU = Debug|Any CPU
		Release|Any CPU = Release|Any CPU
	EndGlobalSection
	GlobalSection(ProjectConfigurationPlatforms) = postSolution
		{30D540E4-8430-47D4-AC7B-9C30E59B96D5}.Debug|Any CPU.ActiveCfg = Debug|Any CPU
		{30D540E4-8430-47D4-AC7B-9C30E59B96D5}.Debug|Any CPU.Build.0 = Debug|Any CPU
		{30D540E4-8430-47D4-AC7B-9C30E59B96D5}.Release|Any CPU.ActiveCfg = Release|Any CPU
		{30D540E4-8430-47D4-AC7B-9C30E59B96D5}.Release|Any CPU.Build.0 = Release|Any CPU
		{BC1B9CEA-616F-489C-8B44-BAC9DF454A6A}.Debug|Any CPU.ActiveCfg = Debug|Any CPU
		{BC1B9CEA-616F-489C-8B44-BAC9DF454A6A}.Debug|Any CPU.Build.0 = Debug|Any CPU
		{BC1B9CEA-616F-489C-8B44-BAC9DF454A6A}.Release|Any CPU.ActiveCfg = Release|Any CPU
		{BC1B9CEA-616F-489C-8B44-BAC9DF454A6A}.Release|Any CPU.Build.0 = Release|Any CPU
		{E6BF4ECD-2B74-48A4-BA38-BDE86FA948DF}.Debug|Any CPU.ActiveCfg = Debug|Any CPU
		{E6BF4ECD-2B74-48A4-BA38-BDE86FA948DF}.Debug|Any CPU.Build.0 = Debug|Any CPU
		{E6BF4ECD-2B74-48A4-BA38-BDE86FA948DF}.Release|Any CPU.ActiveCfg = Release|Any CPU
		{E6BF4ECD-2B74-48A4-BA38-BDE86FA948DF}.Release|Any CPU.Build.0 = Release|Any CPU
	EndGlobalSection
	GlobalSection(SolutionProperties) = preSolution
		HideSolutionNode = FALSE
	EndGlobalSection
	GlobalSection(ExtensibilityGlobals) = postSolution
		SolutionGuid = {6BC79105-BB52-48B3-9CC6-042C2A15C890}
	EndGlobalSection
EndGlobal
